
Microsoft Visual Studio Solution File, Format Version 12.00
# Visual Studio Version 17
VisualStudioVersion = 17.10.35027.167
MinimumVisualStudioVersion = 10.0.40219.1
Project("{FAE04EC0-301F-11D3-BF4B-00C04F79EFBC}") = "Do-While4", "Do-While4\Do-While4.csproj", "{AD9FBF44-E243-4757-8CEA-EF1B74D26703}"
EndProject
Global
	GlobalSection(SolutionConfigurationPlatforms) = preSolution
		Debug|Any CPU = Debug|Any CPU
		Release|Any CPU = Release|Any CPU
	EndGlobalSection
	GlobalSection(ProjectConfigurationPlatforms) = postSolution
		{AD9FBF44-E243-4757-8CEA-EF1B74D26703}.Debug|Any CPU.ActiveCfg = Debug|Any CPU
		{AD9FBF44-E243-4757-8CEA-EF1B74D26703}.Debug|Any CPU.Build.0 = Debug|Any CPU
		{AD9FBF44-E243-4757-8CEA-EF1B74D26703}.Release|Any CPU.ActiveCfg = Release|Any CPU
		{AD9FBF44-E243-4757-8CEA-EF1B74D26703}.Release|Any CPU.Build.0 = Release|Any CPU
	EndGlobalSection
	GlobalSection(SolutionProperties) = preSolution
		HideSolutionNode = FALSE
	EndGlobalSection
	GlobalSection(ExtensibilityGlobals) = postSolution
		SolutionGuid = {6EC37340-447D-43EC-9752-961B87304E4D}
	EndGlobalSection
EndGlobal
